
Microsoft Visual Studio Solution File, Format Version 12.00
# Visual Studio 2012
Project("{8BC9CEB8-8B4A-11D0-8D11-00A0C91BC942}") = "director", "director\director.vcxproj", "{D7B25B86-D67C-460A-9920-BFE074E7D36F}"
EndProject
Project("{8BC9CEB8-8B4A-11D0-8D11-00A0C91BC942}") = "producer", "producer\producer.vcxproj", "{6E50B641-EBF6-42CC-99D6-4717CB286521}"
EndProject
Global
	GlobalSection(SolutionConfigurationPlatforms) = preSolution
		Debug|Win32 = Debug|Win32
		Release|Win32 = Release|Win32
	EndGlobalSection
	GlobalSection(ProjectConfigurationPlatforms) = postSolution
		{D7B25B86-D67C-460A-9920-BFE074E7D36F}.Debug|Win32.ActiveCfg = Debug|Win32
		{D7B25B86-D67C-460A-9920-BFE074E7D36F}.Debug|Win32.Build.0 = Debug|Win32
		{D7B25B86-D67C-460A-9920-BFE074E7D36F}.Release|Win32.ActiveCfg = Release|Win32
		{D7B25B86-D67C-460A-9920-BFE074E7D36F}.Release|Win32.Build.0 = Release|Win32
		{6E50B641-EBF6-42CC-99D6-4717CB286521}.Debug|Win32.ActiveCfg = Debug|Win32
		{6E50B641-EBF6-42CC-99D6-4717CB286521}.Debug|Win32.Build.0 = Debug|Win32
		{6E50B641-EBF6-42CC-99D6-4717CB286521}.Release|Win32.ActiveCfg = Release|Win32
		{6E50B641-EBF6-42CC-99D6-4717CB286521}.Release|Win32.Build.0 = Release|Win32
	EndGlobalSection
	GlobalSection(SolutionProperties) = preSolution
		HideSolutionNode = FALSE
	EndGlobalSection
EndGlobal
